
Microsoft Visual Studio Solution File, Format Version 12.00
# Visual Studio 15
Project("{FAE04EC0-301F-11D3-BF4B-00C04F79EFBC}") = "Assembly-CSharp", "Assembly-CSharp.csproj", "{AF40A337-FC28-7972-A71E-4F4FC050186B}"
EndProject
Project("{FAE04EC0-301F-11D3-BF4B-00C04F79EFBC}") = "NavMeshComponents", "NavMeshComponents.csproj", "{738410AF-414A-E77A-5079-F7831B26375A}"
EndProject
Project("{FAE04EC0-301F-11D3-BF4B-00C04F79EFBC}") = "Assembly-CSharp-firstpass", "Assembly-CSharp-firstpass.csproj", "{B46AC1F8-2E99-9725-A70A-F4C2E4CD5E34}"
EndProject
Project("{FAE04EC0-301F-11D3-BF4B-00C04F79EFBC}") = "Assembly-CSharp-Editor", "Assembly-CSharp-Editor.csproj", "{4B235EEA-2FED-38F8-DA93-EC7DE00672A1}"
EndProject
Project("{FAE04EC0-301F-11D3-BF4B-00C04F79EFBC}") = "NavMeshComponentsEditor", "NavMeshComponentsEditor.csproj", "{6D3790DF-237A-5D64-F87A-9A1D96F5A4A4}"
EndProject
Global
	GlobalSection(SolutionConfigurationPlatforms) = preSolution
		Debug|Any CPU = Debug|Any CPU
		Release|Any CPU = Release|Any CPU
	EndGlobalSection
	GlobalSection(ProjectConfigurationPlatforms) = postSolution
		{AF40A337-FC28-7972-A71E-4F4FC050186B}.Debug|Any CPU.ActiveCfg = Debug|Any CPU
		{AF40A337-FC28-7972-A71E-4F4FC050186B}.Debug|Any CPU.Build.0 = Debug|Any CPU
		{AF40A337-FC28-7972-A71E-4F4FC050186B}.Release|Any CPU.ActiveCfg = Release|Any CPU
		{AF40A337-FC28-7972-A71E-4F4FC050186B}.Release|Any CPU.Build.0 = Release|Any CPU
		{738410AF-414A-E77A-5079-F7831B26375A}.Debug|Any CPU.ActiveCfg = Debug|Any CPU
		{738410AF-414A-E77A-5079-F7831B26375A}.Debug|Any CPU.Build.0 = Debug|Any CPU
		{738410AF-414A-E77A-5079-F7831B26375A}.Release|Any CPU.ActiveCfg = Release|Any CPU
		{738410AF-414A-E77A-5079-F7831B26375A}.Release|Any CPU.Build.0 = Release|Any CPU
		{B46AC1F8-2E99-9725-A70A-F4C2E4CD5E34}.Debug|Any CPU.ActiveCfg = Debug|Any CPU
		{B46AC1F8-2E99-9725-A70A-F4C2E4CD5E34}.Debug|Any CPU.Build.0 = Debug|Any CPU
		{B46AC1F8-2E99-9725-A70A-F4C2E4CD5E34}.Release|Any CPU.ActiveCfg = Release|Any CPU
		{B46AC1F8-2E99-9725-A70A-F4C2E4CD5E34}.Release|Any CPU.Build.0 = Release|Any CPU
		{4B235EEA-2FED-38F8-DA93-EC7DE00672A1}.Debug|Any CPU.ActiveCfg = Debug|Any CPU
		{4B235EEA-2FED-38F8-DA93-EC7DE00672A1}.Debug|Any CPU.Build.0 = Debug|Any CPU
		{4B235EEA-2FED-38F8-DA93-EC7DE00672A1}.Release|Any CPU.ActiveCfg = Release|Any CPU
		{4B235EEA-2FED-38F8-DA93-EC7DE00672A1}.Release|Any CPU.Build.0 = Release|Any CPU
		{6D3790DF-237A-5D64-F87A-9A1D96F5A4A4}.Debug|Any CPU.ActiveCfg = Debug|Any CPU
		{6D3790DF-237A-5D64-F87A-9A1D96F5A4A4}.Debug|Any CPU.Build.0 = Debug|Any CPU
		{6D3790DF-237A-5D64-F87A-9A1D96F5A4A4}.Release|Any CPU.ActiveCfg = Release|Any CPU
		{6D3790DF-237A-5D64-F87A-9A1D96F5A4A4}.Release|Any CPU.Build.0 = Release|Any CPU
	EndGlobalSection
	GlobalSection(SolutionProperties) = preSolution
		HideSolutionNode = FALSE
	EndGlobalSection
EndGlobal
